
Microsoft Visual Studio Solution File, Format Version 12.00
# Visual Studio Version 17
VisualStudioVersion = 17.2.32516.85
MinimumVisualStudioVersion = 10.0.40219.1
Project("{FAE04EC0-301F-11D3-BF4B-00C04F79EFBC}") = "PizzaAPI", "PizzaAPI\PizzaAPI.csproj", "{92F0F649-1620-48DA-9807-9B2DEACD88EB}"
EndProject
Global
	GlobalSection(SolutionConfigurationPlatforms) = preSolution
		Debug|Any CPU = Debug|Any CPU
		Release|Any CPU = Release|Any CPU
	EndGlobalSection
	GlobalSection(ProjectConfigurationPlatforms) = postSolution
		{92F0F649-1620-48DA-9807-9B2DEACD88EB}.Debug|Any CPU.ActiveCfg = Debug|Any CPU
		{92F0F649-1620-48DA-9807-9B2DEACD88EB}.Debug|Any CPU.Build.0 = Debug|Any CPU
		{92F0F649-1620-48DA-9807-9B2DEACD88EB}.Release|Any CPU.ActiveCfg = Release|Any CPU
		{92F0F649-1620-48DA-9807-9B2DEACD88EB}.Release|Any CPU.Build.0 = Release|Any CPU
	EndGlobalSection
	GlobalSection(SolutionProperties) = preSolution
		HideSolutionNode = FALSE
	EndGlobalSection
	GlobalSection(ExtensibilityGlobals) = postSolution
		SolutionGuid = {87AFD76C-5826-4232-803D-2AE8BDD7C6F0}
	EndGlobalSection
EndGlobal
